
Microsoft Visual Studio Solution File, Format Version 12.00
# Visual Studio Version 16
VisualStudioVersion = 16.0.30523.141
MinimumVisualStudioVersion = 10.0.40219.1
Project("{FAE04EC0-301F-11D3-BF4B-00C04F79EFBC}") = "PRUEBATEORICA2", "PRUEBATEORICA2.csproj", "{3A677269-0ADD-47DE-81FD-54F5EA4B050B}"
EndProject
Global
	GlobalSection(SolutionConfigurationPlatforms) = preSolution
		Debug|Any CPU = Debug|Any CPU
		Release|Any CPU = Release|Any CPU
	EndGlobalSection
	GlobalSection(ProjectConfigurationPlatforms) = postSolution
		{3A677269-0ADD-47DE-81FD-54F5EA4B050B}.Debug|Any CPU.ActiveCfg = Debug|Any CPU
		{3A677269-0ADD-47DE-81FD-54F5EA4B050B}.Debug|Any CPU.Build.0 = Debug|Any CPU
		{3A677269-0ADD-47DE-81FD-54F5EA4B050B}.Release|Any CPU.ActiveCfg = Release|Any CPU
		{3A677269-0ADD-47DE-81FD-54F5EA4B050B}.Release|Any CPU.Build.0 = Release|Any CPU
	EndGlobalSection
	GlobalSection(SolutionProperties) = preSolution
		HideSolutionNode = FALSE
	EndGlobalSection
	GlobalSection(ExtensibilityGlobals) = postSolution
		SolutionGuid = {12230995-C792-49F8-98E9-6CD31C3564A3}
	EndGlobalSection
EndGlobal
